
Microsoft Visual Studio Solution File, Format Version 12.00
# Visual Studio 14
VisualStudioVersion = 14.0.25420.1
MinimumVisualStudioVersion = 10.0.40219.1
Project("{FAE04EC0-301F-11D3-BF4B-00C04F79EFBC}") = "Maxus", "Maxus\Maxus.csproj", "{FB9F52D2-655F-4B20-8BE2-BC14444E0BE6}"
EndProject
Project("{FAE04EC0-301F-11D3-BF4B-00C04F79EFBC}") = "Maxus.Tests", "Maxus.Tests\Maxus.Tests.csproj", "{AC84A4BD-7441-4108-85B4-71F1A98AC1A7}"
EndProject
Global
	GlobalSection(SolutionConfigurationPlatforms) = preSolution
		Debug|Any CPU = Debug|Any CPU
		Release|Any CPU = Release|Any CPU
	EndGlobalSection
	GlobalSection(ProjectConfigurationPlatforms) = postSolution
		{FB9F52D2-655F-4B20-8BE2-BC14444E0BE6}.Debug|Any CPU.ActiveCfg = Debug|Any CPU
		{FB9F52D2-655F-4B20-8BE2-BC14444E0BE6}.Debug|Any CPU.Build.0 = Debug|Any CPU
		{FB9F52D2-655F-4B20-8BE2-BC14444E0BE6}.Release|Any CPU.ActiveCfg = Release|Any CPU
		{FB9F52D2-655F-4B20-8BE2-BC14444E0BE6}.Release|Any CPU.Build.0 = Release|Any CPU
		{AC84A4BD-7441-4108-85B4-71F1A98AC1A7}.Debug|Any CPU.ActiveCfg = Debug|Any CPU
		{AC84A4BD-7441-4108-85B4-71F1A98AC1A7}.Debug|Any CPU.Build.0 = Debug|Any CPU
		{AC84A4BD-7441-4108-85B4-71F1A98AC1A7}.Release|Any CPU.ActiveCfg = Release|Any CPU
		{AC84A4BD-7441-4108-85B4-71F1A98AC1A7}.Release|Any CPU.Build.0 = Release|Any CPU
	EndGlobalSection
	GlobalSection(SolutionProperties) = preSolution
		HideSolutionNode = FALSE
	EndGlobalSection
EndGlobal
